
Microsoft Visual Studio Solution File, Format Version 12.00
# Visual Studio Version 17
VisualStudioVersion = 17.5.002.0
MinimumVisualStudioVersion = 10.0.40219.1
Project("{9A19103F-16F7-4668-BE54-9A1E7A4F7556}") = "RepasoExamen", "RepasoExamen.csproj", "{4DA92312-BFE7-4682-AF92-521E8D967A83}"
EndProject
Global
	GlobalSection(SolutionConfigurationPlatforms) = preSolution
		Debug|Any CPU = Debug|Any CPU
		Release|Any CPU = Release|Any CPU
	EndGlobalSection
	GlobalSection(ProjectConfigurationPlatforms) = postSolution
		{4DA92312-BFE7-4682-AF92-521E8D967A83}.Debug|Any CPU.ActiveCfg = Debug|Any CPU
		{4DA92312-BFE7-4682-AF92-521E8D967A83}.Debug|Any CPU.Build.0 = Debug|Any CPU
		{4DA92312-BFE7-4682-AF92-521E8D967A83}.Release|Any CPU.ActiveCfg = Release|Any CPU
		{4DA92312-BFE7-4682-AF92-521E8D967A83}.Release|Any CPU.Build.0 = Release|Any CPU
	EndGlobalSection
	GlobalSection(SolutionProperties) = preSolution
		HideSolutionNode = FALSE
	EndGlobalSection
	GlobalSection(ExtensibilityGlobals) = postSolution
		SolutionGuid = {C7F7F3B9-989C-449D-9711-D0944361F157}
	EndGlobalSection
EndGlobal
